
Microsoft Visual Studio Solution File, Format Version 12.00
# Visual Studio Version 16
VisualStudioVersion = 16.0.29123.88
MinimumVisualStudioVersion = 10.0.40219.1
Project("{9A19103F-16F7-4668-BE54-9A1E7A4F7556}") = "SubSearch", "SubSearch\SubSearch.csproj", "{263928C8-B723-47C7-96C7-2CE9ED1EE076}"
EndProject
Project("{9A19103F-16F7-4668-BE54-9A1E7A4F7556}") = "Addic7ed.Addic7edApi", "Addic7ed.Addic7edApi\Addic7ed.Addic7edApi.csproj", "{7B83CC21-A20B-468A-9641-20F8F95707D1}"
EndProject
Project("{9A19103F-16F7-4668-BE54-9A1E7A4F7556}") = "SubSearchUI", "SubSearchUI\SubSearchUI.csproj", "{BC5ED21E-D110-43DA-89A0-35D59D43572F}"
EndProject
Project("{9A19103F-16F7-4668-BE54-9A1E7A4F7556}") = "ProviderAddic7ed", "ProviderAddic7ed\ProviderAddic7ed.csproj", "{564E3973-2D59-4483-AC97-FEFA9D44599C}"
EndProject
Project("{2150E333-8FDC-42A3-9474-1A3956D46DE8}") = "Provider plugins", "Provider plugins", "{3E9CBFC1-8041-4005-9F9C-F541128B71A4}"
EndProject
Global
	GlobalSection(SolutionConfigurationPlatforms) = preSolution
		Debug|Any CPU = Debug|Any CPU
		Release|Any CPU = Release|Any CPU
	EndGlobalSection
	GlobalSection(ProjectConfigurationPlatforms) = postSolution
		{263928C8-B723-47C7-96C7-2CE9ED1EE076}.Debug|Any CPU.ActiveCfg = Debug|Any CPU
		{263928C8-B723-47C7-96C7-2CE9ED1EE076}.Debug|Any CPU.Build.0 = Debug|Any CPU
		{263928C8-B723-47C7-96C7-2CE9ED1EE076}.Release|Any CPU.ActiveCfg = Release|Any CPU
		{263928C8-B723-47C7-96C7-2CE9ED1EE076}.Release|Any CPU.Build.0 = Release|Any CPU
		{7B83CC21-A20B-468A-9641-20F8F95707D1}.Debug|Any CPU.ActiveCfg = Debug|Any CPU
		{7B83CC21-A20B-468A-9641-20F8F95707D1}.Debug|Any CPU.Build.0 = Debug|Any CPU
		{7B83CC21-A20B-468A-9641-20F8F95707D1}.Release|Any CPU.ActiveCfg = Release|Any CPU
		{7B83CC21-A20B-468A-9641-20F8F95707D1}.Release|Any CPU.Build.0 = Release|Any CPU
		{BC5ED21E-D110-43DA-89A0-35D59D43572F}.Debug|Any CPU.ActiveCfg = Debug|Any CPU
		{BC5ED21E-D110-43DA-89A0-35D59D43572F}.Debug|Any CPU.Build.0 = Debug|Any CPU
		{BC5ED21E-D110-43DA-89A0-35D59D43572F}.Release|Any CPU.ActiveCfg = Release|Any CPU
		{BC5ED21E-D110-43DA-89A0-35D59D43572F}.Release|Any CPU.Build.0 = Release|Any CPU
		{564E3973-2D59-4483-AC97-FEFA9D44599C}.Debug|Any CPU.ActiveCfg = Debug|Any CPU
		{564E3973-2D59-4483-AC97-FEFA9D44599C}.Debug|Any CPU.Build.0 = Debug|Any CPU
		{564E3973-2D59-4483-AC97-FEFA9D44599C}.Release|Any CPU.ActiveCfg = Release|Any CPU
		{564E3973-2D59-4483-AC97-FEFA9D44599C}.Release|Any CPU.Build.0 = Release|Any CPU
	EndGlobalSection
	GlobalSection(SolutionProperties) = preSolution
		HideSolutionNode = FALSE
	EndGlobalSection
	GlobalSection(NestedProjects) = preSolution
		{564E3973-2D59-4483-AC97-FEFA9D44599C} = {3E9CBFC1-8041-4005-9F9C-F541128B71A4}
	EndGlobalSection
	GlobalSection(ExtensibilityGlobals) = postSolution
		SolutionGuid = {BEBF585C-86C6-4C4F-B3EF-25547F304984}
	EndGlobalSection
EndGlobal
